
Microsoft Visual Studio Solution File, Format Version 12.00
# Visual Studio Version 17
VisualStudioVersion = 17.10.35013.160
MinimumVisualStudioVersion = 10.0.40219.1
Project("{9A19103F-16F7-4668-BE54-9A1E7A4F7556}") = "Ecommerce", "Ecommerce\Ecommerce.csproj", "{7030918A-EC46-49F5-9C7D-652EC9EC1417}"
EndProject
Global
	GlobalSection(SolutionConfigurationPlatforms) = preSolution
		Debug|Any CPU = Debug|Any CPU
		Release|Any CPU = Release|Any CPU
	EndGlobalSection
	GlobalSection(ProjectConfigurationPlatforms) = postSolution
		{7030918A-EC46-49F5-9C7D-652EC9EC1417}.Debug|Any CPU.ActiveCfg = Debug|Any CPU
		{7030918A-EC46-49F5-9C7D-652EC9EC1417}.Debug|Any CPU.Build.0 = Debug|Any CPU
		{7030918A-EC46-49F5-9C7D-652EC9EC1417}.Release|Any CPU.ActiveCfg = Release|Any CPU
		{7030918A-EC46-49F5-9C7D-652EC9EC1417}.Release|Any CPU.Build.0 = Release|Any CPU
	EndGlobalSection
	GlobalSection(SolutionProperties) = preSolution
		HideSolutionNode = FALSE
	EndGlobalSection
	GlobalSection(ExtensibilityGlobals) = postSolution
		SolutionGuid = {B5B9BBF0-87EA-4017-8ED8-EE316974218F}
	EndGlobalSection
EndGlobal
